// !$*UTF8*$!
{
	archiveVersion = 1;
	classes = {
	};
	objectVersion = 45;
	objects = {

/* Begin PBXBuildFile section */
		1D3623260D0F684500981E51 /* FlalibAppDelegate.m in Sources */ = {isa = PBXBuildFile; fileRef = 1D3623250D0F684500981E51 /* FlalibAppDelegate.m */; };
		1D60589B0D05DD56006BFB54 /* main.m in Sources */ = {isa = PBXBuildFile; fileRef = 29B97316FDCFA39411CA2CEA /* main.m */; };
		1D60589F0D05DD5A006BFB54 /* Foundation.framework in Frameworks */ = {isa = PBXBuildFile; fileRef = 1D30AB110D05D00D00671497 /* Foundation.framework */; };
		1DF5F4E00D08C38300B7A737 /* UIKit.framework in Frameworks */ = {isa = PBXBuildFile; fileRef = 1DF5F4DF0D08C38300B7A737 /* UIKit.framework */; };
		288765FD0DF74451002DB57D /* CoreGraphics.framework in Frameworks */ = {isa = PBXBuildFile; fileRef = 288765FC0DF74451002DB57D /* CoreGraphics.framework */; };
		F1C4D10A1182F8F000227473 /* FLXGLView.m in Sources */ = {isa = PBXBuildFile; fileRef = F1C4D1071182F8F000227473 /* FLXGLView.m */; };
		F1C4D10B1182F8F000227473 /* FLXRenderer.m in Sources */ = {isa = PBXBuildFile; fileRef = F1C4D1091182F8F000227473 /* FLXRenderer.m */; };
		F1C4D1551182F9DC00227473 /* OpenGLES.framework in Frameworks */ = {isa = PBXBuildFile; fileRef = F1C4D1541182F9DC00227473 /* OpenGLES.framework */; };
		F1C4D17F1182F9FF00227473 /* QuartzCore.framework in Frameworks */ = {isa = PBXBuildFile; fileRef = F1C4D17E1182F9FF00227473 /* QuartzCore.framework */; };
		F1C4D1BC1182FCB100227473 /* FLPoint.m in Sources */ = {isa = PBXBuildFile; fileRef = F1C4D1BB1182FCB100227473 /* FLPoint.m */; };
		F1C4D1E01182FE1100227473 /* FLRectangle.m in Sources */ = {isa = PBXBuildFile; fileRef = F1C4D1DF1182FE1100227473 /* FLRectangle.m */; };
		F1C4D1E51183036700227473 /* FLDisplayObject.m in Sources */ = {isa = PBXBuildFile; fileRef = F1C4D1E41183036700227473 /* FLDisplayObject.m */; };
		F1C4D1E8118303D600227473 /* FLDisplayObjectContainer.m in Sources */ = {isa = PBXBuildFile; fileRef = F1C4D1E7118303D600227473 /* FLDisplayObjectContainer.m */; };
		F1C4D1EB118303E300227473 /* FLSprite.m in Sources */ = {isa = PBXBuildFile; fileRef = F1C4D1EA118303E300227473 /* FLSprite.m */; };
		F1C4D1EE1183040100227473 /* FLBitmap.m in Sources */ = {isa = PBXBuildFile; fileRef = F1C4D1ED1183040100227473 /* FLBitmap.m */; };
		F1C4D20F11830AC600227473 /* FLBitmapData.m in Sources */ = {isa = PBXBuildFile; fileRef = F1C4D20E11830AC600227473 /* FLBitmapData.m */; };
		F1C4D2521183364200227473 /* FLXTexture.m in Sources */ = {isa = PBXBuildFile; fileRef = F1C4D2511183364200227473 /* FLXTexture.m */; };
/* End PBXBuildFile section */

/* Begin PBXFileReference section */
		1D30AB110D05D00D00671497 /* Foundation.framework */ = {isa = PBXFileReference; lastKnownFileType = wrapper.framework; name = Foundation.framework; path = System/Library/Frameworks/Foundation.framework; sourceTree = SDKROOT; };
		1D3623240D0F684500981E51 /* FlalibAppDelegate.h */ = {isa = PBXFileReference; fileEncoding = 4; lastKnownFileType = sourcecode.c.h; path = FlalibAppDelegate.h; sourceTree = "<group>"; };
		1D3623250D0F684500981E51 /* FlalibAppDelegate.m */ = {isa = PBXFileReference; fileEncoding = 4; lastKnownFileType = sourcecode.c.objc; path = FlalibAppDelegate.m; sourceTree = "<group>"; };
		1D6058910D05DD3D006BFB54 /* Flalib.app */ = {isa = PBXFileReference; explicitFileType = wrapper.application; includeInIndex = 0; path = Flalib.app; sourceTree = BUILT_PRODUCTS_DIR; };
		1DF5F4DF0D08C38300B7A737 /* UIKit.framework */ = {isa = PBXFileReference; lastKnownFileType = wrapper.framework; name = UIKit.framework; path = System/Library/Frameworks/UIKit.framework; sourceTree = SDKROOT; };
		288765FC0DF74451002DB57D /* CoreGraphics.framework */ = {isa = PBXFileReference; lastKnownFileType = wrapper.framework; name = CoreGraphics.framework; path = System/Library/Frameworks/CoreGraphics.framework; sourceTree = SDKROOT; };
		29B97316FDCFA39411CA2CEA /* main.m */ = {isa = PBXFileReference; fileEncoding = 4; lastKnownFileType = sourcecode.c.objc; path = main.m; sourceTree = "<group>"; };
		32CA4F630368D1EE00C91783 /* Flalib_Prefix.pch */ = {isa = PBXFileReference; fileEncoding = 4; lastKnownFileType = sourcecode.c.h; path = Flalib_Prefix.pch; sourceTree = "<group>"; };
		8D1107310486CEB800E47090 /* Flalib-Info.plist */ = {isa = PBXFileReference; fileEncoding = 4; lastKnownFileType = text.plist.xml; path = "Flalib-Info.plist"; plistStructureDefinitionIdentifier = "com.apple.xcode.plist.structure-definition.iphone.info-plist"; sourceTree = "<group>"; };
		F1C4D1061182F8F000227473 /* FLXGLView.h */ = {isa = PBXFileReference; fileEncoding = 4; lastKnownFileType = sourcecode.c.h; path = FLXGLView.h; sourceTree = "<group>"; };
		F1C4D1071182F8F000227473 /* FLXGLView.m */ = {isa = PBXFileReference; fileEncoding = 4; lastKnownFileType = sourcecode.c.objc; path = FLXGLView.m; sourceTree = "<group>"; };
		F1C4D1081182F8F000227473 /* FLXRenderer.h */ = {isa = PBXFileReference; fileEncoding = 4; lastKnownFileType = sourcecode.c.h; path = FLXRenderer.h; sourceTree = "<group>"; };
		F1C4D1091182F8F000227473 /* FLXRenderer.m */ = {isa = PBXFileReference; fileEncoding = 4; lastKnownFileType = sourcecode.c.objc; path = FLXRenderer.m; sourceTree = "<group>"; };
		F1C4D1541182F9DC00227473 /* OpenGLES.framework */ = {isa = PBXFileReference; lastKnownFileType = wrapper.framework; name = OpenGLES.framework; path = System/Library/Frameworks/OpenGLES.framework; sourceTree = SDKROOT; };
		F1C4D17E1182F9FF00227473 /* QuartzCore.framework */ = {isa = PBXFileReference; lastKnownFileType = wrapper.framework; name = QuartzCore.framework; path = System/Library/Frameworks/QuartzCore.framework; sourceTree = SDKROOT; };
		F1C4D1B91182FC8A00227473 /* flalib.h */ = {isa = PBXFileReference; fileEncoding = 4; lastKnownFileType = sourcecode.c.h; path = flalib.h; sourceTree = "<group>"; };
		F1C4D1BA1182FCB100227473 /* FLPoint.h */ = {isa = PBXFileReference; fileEncoding = 4; lastKnownFileType = sourcecode.c.h; path = FLPoint.h; sourceTree = "<group>"; };
		F1C4D1BB1182FCB100227473 /* FLPoint.m */ = {isa = PBXFileReference; fileEncoding = 4; lastKnownFileType = sourcecode.c.objc; path = FLPoint.m; sourceTree = "<group>"; };
		F1C4D1BD1182FD3700227473 /* flalib_common.h */ = {isa = PBXFileReference; fileEncoding = 4; lastKnownFileType = sourcecode.c.h; path = flalib_common.h; sourceTree = "<group>"; };
		F1C4D1DE1182FE1100227473 /* FLRectangle.h */ = {isa = PBXFileReference; fileEncoding = 4; lastKnownFileType = sourcecode.c.h; path = FLRectangle.h; sourceTree = "<group>"; };
		F1C4D1DF1182FE1100227473 /* FLRectangle.m */ = {isa = PBXFileReference; fileEncoding = 4; lastKnownFileType = sourcecode.c.objc; path = FLRectangle.m; sourceTree = "<group>"; };
		F1C4D1E31183036700227473 /* FLDisplayObject.h */ = {isa = PBXFileReference; fileEncoding = 4; lastKnownFileType = sourcecode.c.h; path = FLDisplayObject.h; sourceTree = "<group>"; };
		F1C4D1E41183036700227473 /* FLDisplayObject.m */ = {isa = PBXFileReference; fileEncoding = 4; lastKnownFileType = sourcecode.c.objc; path = FLDisplayObject.m; sourceTree = "<group>"; };
		F1C4D1E6118303D600227473 /* FLDisplayObjectContainer.h */ = {isa = PBXFileReference; fileEncoding = 4; lastKnownFileType = sourcecode.c.h; path = FLDisplayObjectContainer.h; sourceTree = "<group>"; };
		F1C4D1E7118303D600227473 /* FLDisplayObjectContainer.m */ = {isa = PBXFileReference; fileEncoding = 4; lastKnownFileType = sourcecode.c.objc; path = FLDisplayObjectContainer.m; sourceTree = "<group>"; };
		F1C4D1E9118303E300227473 /* FLSprite.h */ = {isa = PBXFileReference; fileEncoding = 4; lastKnownFileType = sourcecode.c.h; path = FLSprite.h; sourceTree = "<group>"; };
		F1C4D1EA118303E300227473 /* FLSprite.m */ = {isa = PBXFileReference; fileEncoding = 4; lastKnownFileType = sourcecode.c.objc; path = FLSprite.m; sourceTree = "<group>"; };
		F1C4D1EC1183040100227473 /* FLBitmap.h */ = {isa = PBXFileReference; fileEncoding = 4; lastKnownFileType = sourcecode.c.h; path = FLBitmap.h; sourceTree = "<group>"; };
		F1C4D1ED1183040100227473 /* FLBitmap.m */ = {isa = PBXFileReference; fileEncoding = 4; lastKnownFileType = sourcecode.c.objc; path = FLBitmap.m; sourceTree = "<group>"; };
		F1C4D20D11830AC600227473 /* FLBitmapData.h */ = {isa = PBXFileReference; fileEncoding = 4; lastKnownFileType = sourcecode.c.h; path = FLBitmapData.h; sourceTree = "<group>"; };
		F1C4D20E11830AC600227473 /* FLBitmapData.m */ = {isa = PBXFileReference; fileEncoding = 4; lastKnownFileType = sourcecode.c.objc; path = FLBitmapData.m; sourceTree = "<group>"; };
		F1C4D2501183364200227473 /* FLXTexture.h */ = {isa = PBXFileReference; fileEncoding = 4; lastKnownFileType = sourcecode.c.h; path = FLXTexture.h; sourceTree = "<group>"; };
		F1C4D2511183364200227473 /* FLXTexture.m */ = {isa = PBXFileReference; fileEncoding = 4; lastKnownFileType = sourcecode.c.objc; path = FLXTexture.m; sourceTree = "<group>"; };
/* End PBXFileReference section */

/* Begin PBXFrameworksBuildPhase section */
		1D60588F0D05DD3D006BFB54 /* Frameworks */ = {
			isa = PBXFrameworksBuildPhase;
			buildActionMask = 2147483647;
			files = (
				1D60589F0D05DD5A006BFB54 /* Foundation.framework in Frameworks */,
				1DF5F4E00D08C38300B7A737 /* UIKit.framework in Frameworks */,
				288765FD0DF74451002DB57D /* CoreGraphics.framework in Frameworks */,
				F1C4D1551182F9DC00227473 /* OpenGLES.framework in Frameworks */,
				F1C4D17F1182F9FF00227473 /* QuartzCore.framework in Frameworks */,
			);
			runOnlyForDeploymentPostprocessing = 0;
		};
/* End PBXFrameworksBuildPhase section */

/* Begin PBXGroup section */
		080E96DDFE201D6D7F000001 /* Classes */ = {
			isa = PBXGroup;
			children = (
				F1C4D1B81182FC8A00227473 /* fl */,
				F1C4D1051182F8F000227473 /* flx */,
				1D3623240D0F684500981E51 /* FlalibAppDelegate.h */,
				1D3623250D0F684500981E51 /* FlalibAppDelegate.m */,
			);
			path = Classes;
			sourceTree = "<group>";
		};
		19C28FACFE9D520D11CA2CBB /* Products */ = {
			isa = PBXGroup;
			children = (
				1D6058910D05DD3D006BFB54 /* Flalib.app */,
			);
			name = Products;
			sourceTree = "<group>";
		};
		29B97314FDCFA39411CA2CEA /* CustomTemplate */ = {
			isa = PBXGroup;
			children = (
				080E96DDFE201D6D7F000001 /* Classes */,
				29B97315FDCFA39411CA2CEA /* Other Sources */,
				29B97317FDCFA39411CA2CEA /* Resources */,
				29B97323FDCFA39411CA2CEA /* Frameworks */,
				19C28FACFE9D520D11CA2CBB /* Products */,
			);
			name = CustomTemplate;
			sourceTree = "<group>";
		};
		29B97315FDCFA39411CA2CEA /* Other Sources */ = {
			isa = PBXGroup;
			children = (
				32CA4F630368D1EE00C91783 /* Flalib_Prefix.pch */,
				29B97316FDCFA39411CA2CEA /* main.m */,
			);
			name = "Other Sources";
			sourceTree = "<group>";
		};
		29B97317FDCFA39411CA2CEA /* Resources */ = {
			isa = PBXGroup;
			children = (
				8D1107310486CEB800E47090 /* Flalib-Info.plist */,
			);
			name = Resources;
			sourceTree = "<group>";
		};
		29B97323FDCFA39411CA2CEA /* Frameworks */ = {
			isa = PBXGroup;
			children = (
				F1C4D17E1182F9FF00227473 /* QuartzCore.framework */,
				F1C4D1541182F9DC00227473 /* OpenGLES.framework */,
				1DF5F4DF0D08C38300B7A737 /* UIKit.framework */,
				1D30AB110D05D00D00671497 /* Foundation.framework */,
				288765FC0DF74451002DB57D /* CoreGraphics.framework */,
			);
			name = Frameworks;
			sourceTree = "<group>";
		};
		F1C4D1051182F8F000227473 /* flx */ = {
			isa = PBXGroup;
			children = (
				F1C4D1061182F8F000227473 /* FLXGLView.h */,
				F1C4D1071182F8F000227473 /* FLXGLView.m */,
				F1C4D1081182F8F000227473 /* FLXRenderer.h */,
				F1C4D1091182F8F000227473 /* FLXRenderer.m */,
				F1C4D2501183364200227473 /* FLXTexture.h */,
				F1C4D2511183364200227473 /* FLXTexture.m */,
			);
			path = flx;
			sourceTree = "<group>";
		};
		F1C4D1B81182FC8A00227473 /* fl */ = {
			isa = PBXGroup;
			children = (
				F1C4D1B91182FC8A00227473 /* flalib.h */,
				F1C4D1BD1182FD3700227473 /* flalib_common.h */,
				F1C4D1BA1182FCB100227473 /* FLPoint.h */,
				F1C4D1BB1182FCB100227473 /* FLPoint.m */,
				F1C4D1DE1182FE1100227473 /* FLRectangle.h */,
				F1C4D1DF1182FE1100227473 /* FLRectangle.m */,
				F1C4D1E31183036700227473 /* FLDisplayObject.h */,
				F1C4D1E41183036700227473 /* FLDisplayObject.m */,
				F1C4D1E6118303D600227473 /* FLDisplayObjectContainer.h */,
				F1C4D1E7118303D600227473 /* FLDisplayObjectContainer.m */,
				F1C4D1E9118303E300227473 /* FLSprite.h */,
				F1C4D1EA118303E300227473 /* FLSprite.m */,
				F1C4D1EC1183040100227473 /* FLBitmap.h */,
				F1C4D1ED1183040100227473 /* FLBitmap.m */,
				F1C4D20D11830AC600227473 /* FLBitmapData.h */,
				F1C4D20E11830AC600227473 /* FLBitmapData.m */,
			);
			path = fl;
			sourceTree = "<group>";
		};
/* End PBXGroup section */

/* Begin PBXNativeTarget section */
		1D6058900D05DD3D006BFB54 /* Flalib */ = {
			isa = PBXNativeTarget;
			buildConfigurationList = 1D6058960D05DD3E006BFB54 /* Build configuration list for PBXNativeTarget "Flalib" */;
			buildPhases = (
				1D60588D0D05DD3D006BFB54 /* Resources */,
				1D60588E0D05DD3D006BFB54 /* Sources */,
				1D60588F0D05DD3D006BFB54 /* Frameworks */,
			);
			buildRules = (
			);
			dependencies = (
			);
			name = Flalib;
			productName = Flalib;
			productReference = 1D6058910D05DD3D006BFB54 /* Flalib.app */;
			productType = "com.apple.product-type.application";
		};
/* End PBXNativeTarget section */

/* Begin PBXProject section */
		29B97313FDCFA39411CA2CEA /* Project object */ = {
			isa = PBXProject;
			buildConfigurationList = C01FCF4E08A954540054247B /* Build configuration list for PBXProject "Flalib" */;
			compatibilityVersion = "Xcode 3.1";
			hasScannedForEncodings = 1;
			mainGroup = 29B97314FDCFA39411CA2CEA /* CustomTemplate */;
			projectDirPath = "";
			projectRoot = "";
			targets = (
				1D6058900D05DD3D006BFB54 /* Flalib */,
			);
		};
/* End PBXProject section */

/* Begin PBXResourcesBuildPhase section */
		1D60588D0D05DD3D006BFB54 /* Resources */ = {
			isa = PBXResourcesBuildPhase;
			buildActionMask = 2147483647;
			files = (
			);
			runOnlyForDeploymentPostprocessing = 0;
		};
/* End PBXResourcesBuildPhase section */

/* Begin PBXSourcesBuildPhase section */
		1D60588E0D05DD3D006BFB54 /* Sources */ = {
			isa = PBXSourcesBuildPhase;
			buildActionMask = 2147483647;
			files = (
				1D60589B0D05DD56006BFB54 /* main.m in Sources */,
				1D3623260D0F684500981E51 /* FlalibAppDelegate.m in Sources */,
				F1C4D10A1182F8F000227473 /* FLXGLView.m in Sources */,
				F1C4D10B1182F8F000227473 /* FLXRenderer.m in Sources */,
				F1C4D1BC1182FCB100227473 /* FLPoint.m in Sources */,
				F1C4D1E01182FE1100227473 /* FLRectangle.m in Sources */,
				F1C4D1E51183036700227473 /* FLDisplayObject.m in Sources */,
				F1C4D1E8118303D600227473 /* FLDisplayObjectContainer.m in Sources */,
				F1C4D1EB118303E300227473 /* FLSprite.m in Sources */,
				F1C4D1EE1183040100227473 /* FLBitmap.m in Sources */,
				F1C4D20F11830AC600227473 /* FLBitmapData.m in Sources */,
				F1C4D2521183364200227473 /* FLXTexture.m in Sources */,
			);
			runOnlyForDeploymentPostprocessing = 0;
		};
/* End PBXSourcesBuildPhase section */

/* Begin XCBuildConfiguration section */
		1D6058940D05DD3E006BFB54 /* Debug */ = {
			isa = XCBuildConfiguration;
			buildSettings = {
				ALWAYS_SEARCH_USER_PATHS = NO;
				COPY_PHASE_STRIP = NO;
				GCC_DYNAMIC_NO_PIC = NO;
				GCC_OPTIMIZATION_LEVEL = 0;
				GCC_PRECOMPILE_PREFIX_HEADER = YES;
				GCC_PREFIX_HEADER = Flalib_Prefix.pch;
				INFOPLIST_FILE = "Flalib-Info.plist";
				PRODUCT_NAME = Flalib;
			};
			name = Debug;
		};
		1D6058950D05DD3E006BFB54 /* Release */ = {
			isa = XCBuildConfiguration;
			buildSettings = {
				ALWAYS_SEARCH_USER_PATHS = NO;
				COPY_PHASE_STRIP = YES;
				GCC_PRECOMPILE_PREFIX_HEADER = YES;
				GCC_PREFIX_HEADER = Flalib_Prefix.pch;
				INFOPLIST_FILE = "Flalib-Info.plist";
				PRODUCT_NAME = Flalib;
			};
			name = Release;
		};
		C01FCF4F08A954540054247B /* Debug */ = {
			isa = XCBuildConfiguration;
			buildSettings = {
				ARCHS = "$(ARCHS_STANDARD_32_BIT)";
				"CODE_SIGN_IDENTITY[sdk=iphoneos*]" = "iPhone Developer";
				GCC_C_LANGUAGE_STANDARD = c99;
				GCC_WARN_ABOUT_RETURN_TYPE = YES;
				GCC_WARN_UNUSED_VARIABLE = YES;
				PREBINDING = NO;
				SDKROOT = iphoneos3.0;
			};
			name = Debug;
		};
		C01FCF5008A954540054247B /* Release */ = {
			isa = XCBuildConfiguration;
			buildSettings = {
				ARCHS = "$(ARCHS_STANDARD_32_BIT)";
				"CODE_SIGN_IDENTITY[sdk=iphoneos*]" = "iPhone Developer";
				GCC_C_LANGUAGE_STANDARD = c99;
				GCC_WARN_ABOUT_RETURN_TYPE = YES;
				GCC_WARN_UNUSED_VARIABLE = YES;
				PREBINDING = NO;
				SDKROOT = iphoneos3.0;
			};
			name = Release;
		};
/* End XCBuildConfiguration section */

/* Begin XCConfigurationList section */
		1D6058960D05DD3E006BFB54 /* Build configuration list for PBXNativeTarget "Flalib" */ = {
			isa = XCConfigurationList;
			buildConfigurations = (
				1D6058940D05DD3E006BFB54 /* Debug */,
				1D6058950D05DD3E006BFB54 /* Release */,
			);
			defaultConfigurationIsVisible = 0;
			defaultConfigurationName = Release;
		};
		C01FCF4E08A954540054247B /* Build configuration list for PBXProject "Flalib" */ = {
			isa = XCConfigurationList;
			buildConfigurations = (
				C01FCF4F08A954540054247B /* Debug */,
				C01FCF5008A954540054247B /* Release */,
			);
			defaultConfigurationIsVisible = 0;
			defaultConfigurationName = Release;
		};
/* End XCConfigurationList section */
	};
	rootObject = 29B97313FDCFA39411CA2CEA /* Project object */;
}
